// !$*UTF8*$!
{
	archiveVersion = 1;
	classes = {
	};
	objectVersion = 50;
	objects = {

/* Begin PBXBuildFile section */
		AB6CD9142511740D0037BFAF /* h264_common.cpp in Sources */ = {isa = PBXBuildFile; fileRef = AB6CD90B2511740C0037BFAF /* h264_common.cpp */; };
		AB6CD9152511740D0037BFAF /* h264_player.mm in Sources */ = {isa = PBXBuildFile; fileRef = AB6CD90C2511740C0037BFAF /* h264_player.mm */; };
		AB6CD9172511740D0037BFAF /* nalu_rewriter.cpp in Sources */ = {isa = PBXBuildFile; fileRef = AB6CD9102511740C0037BFAF /* nalu_rewriter.cpp */; };
		AB6CD9182511740D0037BFAF /* decode_render.mm in Sources */ = {isa = PBXBuildFile; fileRef = AB6CD9122511740D0037BFAF /* decode_render.mm */; };
		AB6CD91B251174DD0037BFAF /* AppKit.framework in Frameworks */ = {isa = PBXBuildFile; fileRef = AB6CD91A251174DD0037BFAF /* AppKit.framework */; };
		AB6CD91D251174E30037BFAF /* CoreVideo.framework in Frameworks */ = {isa = PBXBuildFile; fileRef = AB6CD91C251174E30037BFAF /* CoreVideo.framework */; };
		AB6CD91F251174EA0037BFAF /* CoreMedia.framework in Frameworks */ = {isa = PBXBuildFile; fileRef = AB6CD91E251174EA0037BFAF /* CoreMedia.framework */; };
		AB6CD921251174F00037BFAF /* CoreGraphics.framework in Frameworks */ = {isa = PBXBuildFile; fileRef = AB6CD920251174F00037BFAF /* CoreGraphics.framework */; };
		AB6CD923251174FB0037BFAF /* VideoToolbox.framework in Frameworks */ = {isa = PBXBuildFile; fileRef = AB6CD922251174FB0037BFAF /* VideoToolbox.framework */; };
		AB6CD925251175010037BFAF /* AVFoundation.framework in Frameworks */ = {isa = PBXBuildFile; fileRef = AB6CD924251175010037BFAF /* AVFoundation.framework */; };
		AB6CD9272511750D0037BFAF /* ApplicationServices.framework in Frameworks */ = {isa = PBXBuildFile; fileRef = AB6CD9262511750D0037BFAF /* ApplicationServices.framework */; };
		AB6CD92D251179750037BFAF /* libSDL2.a in Frameworks */ = {isa = PBXBuildFile; fileRef = AB6CD92C251179750037BFAF /* libSDL2.a */; };
		ABB64486250C2F9E0043471A /* main.m in Sources */ = {isa = PBXBuildFile; fileRef = ABB64485250C2F9E0043471A /* main.m */; };
/* End PBXBuildFile section */

/* Begin PBXCopyFilesBuildPhase section */
		ABB64480250C2F9E0043471A /* CopyFiles */ = {
			isa = PBXCopyFilesBuildPhase;
			buildActionMask = 2147483647;
			dstPath = /usr/share/man/man1/;
			dstSubfolderSpec = 0;
			files = (
			);
			runOnlyForDeploymentPostprocessing = 1;
		};
/* End PBXCopyFilesBuildPhase section */

/* Begin PBXFileReference section */
		AB6CD90A2511740C0037BFAF /* decode_render.h */ = {isa = PBXFileReference; explicitFileType = sourcecode.cpp.objcpp; fileEncoding = 4; path = decode_render.h; sourceTree = "<group>"; };
		AB6CD90B2511740C0037BFAF /* h264_common.cpp */ = {isa = PBXFileReference; fileEncoding = 4; lastKnownFileType = sourcecode.cpp.cpp; path = h264_common.cpp; sourceTree = "<group>"; };
		AB6CD90C2511740C0037BFAF /* h264_player.mm */ = {isa = PBXFileReference; fileEncoding = 4; lastKnownFileType = sourcecode.cpp.objcpp; path = h264_player.mm; sourceTree = "<group>"; };
		AB6CD90D2511740C0037BFAF /* h264_common.h */ = {isa = PBXFileReference; explicitFileType = sourcecode.cpp.objcpp; fileEncoding = 4; path = h264_common.h; sourceTree = "<group>"; };
		AB6CD90F2511740C0037BFAF /* h264_player.h */ = {isa = PBXFileReference; explicitFileType = sourcecode.cpp.objcpp; fileEncoding = 4; path = h264_player.h; sourceTree = "<group>"; };
		AB6CD9102511740C0037BFAF /* nalu_rewriter.cpp */ = {isa = PBXFileReference; fileEncoding = 4; lastKnownFileType = sourcecode.cpp.cpp; path = nalu_rewriter.cpp; sourceTree = "<group>"; };
		AB6CD9112511740D0037BFAF /* nalu_rewriter.h */ = {isa = PBXFileReference; explicitFileType = sourcecode.cpp.objcpp; fileEncoding = 4; path = nalu_rewriter.h; sourceTree = "<group>"; };
		AB6CD9122511740D0037BFAF /* decode_render.mm */ = {isa = PBXFileReference; fileEncoding = 4; lastKnownFileType = sourcecode.cpp.objcpp; path = decode_render.mm; sourceTree = "<group>"; };
		AB6CD9132511740D0037BFAF /* timer.h */ = {isa = PBXFileReference; explicitFileType = sourcecode.cpp.objcpp; fileEncoding = 4; path = timer.h; sourceTree = "<group>"; };
		AB6CD91A251174DD0037BFAF /* AppKit.framework */ = {isa = PBXFileReference; lastKnownFileType = wrapper.framework; name = AppKit.framework; path = System/Library/Frameworks/AppKit.framework; sourceTree = SDKROOT; };
		AB6CD91C251174E30037BFAF /* CoreVideo.framework */ = {isa = PBXFileReference; lastKnownFileType = wrapper.framework; name = CoreVideo.framework; path = System/Library/Frameworks/CoreVideo.framework; sourceTree = SDKROOT; };
		AB6CD91E251174EA0037BFAF /* CoreMedia.framework */ = {isa = PBXFileReference; lastKnownFileType = wrapper.framework; name = CoreMedia.framework; path = System/Library/Frameworks/CoreMedia.framework; sourceTree = SDKROOT; };
		AB6CD920251174F00037BFAF /* CoreGraphics.framework */ = {isa = PBXFileReference; lastKnownFileType = wrapper.framework; name = CoreGraphics.framework; path = System/Library/Frameworks/CoreGraphics.framework; sourceTree = SDKROOT; };
		AB6CD922251174FB0037BFAF /* VideoToolbox.framework */ = {isa = PBXFileReference; lastKnownFileType = wrapper.framework; name = VideoToolbox.framework; path = System/Library/Frameworks/VideoToolbox.framework; sourceTree = SDKROOT; };
		AB6CD924251175010037BFAF /* AVFoundation.framework */ = {isa = PBXFileReference; lastKnownFileType = wrapper.framework; name = AVFoundation.framework; path = System/Library/Frameworks/AVFoundation.framework; sourceTree = SDKROOT; };
		AB6CD9262511750D0037BFAF /* ApplicationServices.framework */ = {isa = PBXFileReference; lastKnownFileType = wrapper.framework; name = ApplicationServices.framework; path = System/Library/Frameworks/ApplicationServices.framework; sourceTree = SDKROOT; };
		AB6CD92C251179750037BFAF /* libSDL2.a */ = {isa = PBXFileReference; lastKnownFileType = archive.ar; name = libSDL2.a; path = tester/libSDL2.a; sourceTree = "<group>"; };
		ABB64482250C2F9E0043471A /* tester */ = {isa = PBXFileReference; explicitFileType = "compiled.mach-o.executable"; includeInIndex = 0; path = tester; sourceTree = BUILT_PRODUCTS_DIR; };
		ABB64485250C2F9E0043471A /* main.m */ = {isa = PBXFileReference; explicitFileType = sourcecode.cpp.objcpp; path = main.m; sourceTree = "<group>"; };
/* End PBXFileReference section */

/* Begin PBXFrameworksBuildPhase section */
		ABB6447F250C2F9E0043471A /* Frameworks */ = {
			isa = PBXFrameworksBuildPhase;
			buildActionMask = 2147483647;
			files = (
				AB6CD9272511750D0037BFAF /* ApplicationServices.framework in Frameworks */,
				AB6CD925251175010037BFAF /* AVFoundation.framework in Frameworks */,
				AB6CD923251174FB0037BFAF /* VideoToolbox.framework in Frameworks */,
				AB6CD921251174F00037BFAF /* CoreGraphics.framework in Frameworks */,
				AB6CD92D251179750037BFAF /* libSDL2.a in Frameworks */,
				AB6CD91F251174EA0037BFAF /* CoreMedia.framework in Frameworks */,
				AB6CD91D251174E30037BFAF /* CoreVideo.framework in Frameworks */,
				AB6CD91B251174DD0037BFAF /* AppKit.framework in Frameworks */,
			);
			runOnlyForDeploymentPostprocessing = 0;
		};
/* End PBXFrameworksBuildPhase section */

/* Begin PBXGroup section */
		AB6CD919251174DC0037BFAF /* Frameworks */ = {
			isa = PBXGroup;
			children = (
				AB6CD9262511750D0037BFAF /* ApplicationServices.framework */,
				AB6CD924251175010037BFAF /* AVFoundation.framework */,
				AB6CD922251174FB0037BFAF /* VideoToolbox.framework */,
				AB6CD920251174F00037BFAF /* CoreGraphics.framework */,
				AB6CD91E251174EA0037BFAF /* CoreMedia.framework */,
				AB6CD91C251174E30037BFAF /* CoreVideo.framework */,
				AB6CD91A251174DD0037BFAF /* AppKit.framework */,
			);
			name = Frameworks;
			sourceTree = "<group>";
		};
		ABB64479250C2F9E0043471A = {
			isa = PBXGroup;
			children = (
				AB6CD92C251179750037BFAF /* libSDL2.a */,
				ABB64484250C2F9E0043471A /* tester */,
				ABB64483250C2F9E0043471A /* Products */,
				AB6CD919251174DC0037BFAF /* Frameworks */,
			);
			sourceTree = "<group>";
		};
		ABB64483250C2F9E0043471A /* Products */ = {
			isa = PBXGroup;
			children = (
				ABB64482250C2F9E0043471A /* tester */,
			);
			name = Products;
			sourceTree = "<group>";
		};
		ABB64484250C2F9E0043471A /* tester */ = {
			isa = PBXGroup;
			children = (
				AB6CD90A2511740C0037BFAF /* decode_render.h */,
				AB6CD9122511740D0037BFAF /* decode_render.mm */,
				AB6CD90B2511740C0037BFAF /* h264_common.cpp */,
				AB6CD90D2511740C0037BFAF /* h264_common.h */,
				AB6CD90F2511740C0037BFAF /* h264_player.h */,
				AB6CD90C2511740C0037BFAF /* h264_player.mm */,
				AB6CD9102511740C0037BFAF /* nalu_rewriter.cpp */,
				AB6CD9112511740D0037BFAF /* nalu_rewriter.h */,
				AB6CD9132511740D0037BFAF /* timer.h */,
				ABB64485250C2F9E0043471A /* main.m */,
			);
			path = tester;
			sourceTree = "<group>";
		};
/* End PBXGroup section */

/* Begin PBXNativeTarget section */
		ABB64481250C2F9E0043471A /* tester */ = {
			isa = PBXNativeTarget;
			buildConfigurationList = ABB64489250C2F9E0043471A /* Build configuration list for PBXNativeTarget "tester" */;
			buildPhases = (
				ABB6447E250C2F9E0043471A /* Sources */,
				ABB6447F250C2F9E0043471A /* Frameworks */,
				ABB64480250C2F9E0043471A /* CopyFiles */,
			);
			buildRules = (
			);
			dependencies = (
			);
			name = tester;
			productName = tester;
			productReference = ABB64482250C2F9E0043471A /* tester */;
			productType = "com.apple.product-type.tool";
		};
/* End PBXNativeTarget section */

/* Begin PBXProject section */
		ABB6447A250C2F9E0043471A /* Project object */ = {
			isa = PBXProject;
			attributes = {
				LastUpgradeCheck = 1120;
				ORGANIZATIONNAME = "chase lambert";
				TargetAttributes = {
					ABB64481250C2F9E0043471A = {
						CreatedOnToolsVersion = 11.2.1;
					};
				};
			};
			buildConfigurationList = ABB6447D250C2F9E0043471A /* Build configuration list for PBXProject "tester" */;
			compatibilityVersion = "Xcode 9.3";
			developmentRegion = en;
			hasScannedForEncodings = 0;
			knownRegions = (
				en,
				Base,
			);
			mainGroup = ABB64479250C2F9E0043471A;
			productRefGroup = ABB64483250C2F9E0043471A /* Products */;
			projectDirPath = "";
			projectRoot = "";
			targets = (
				ABB64481250C2F9E0043471A /* tester */,
			);
		};
/* End PBXProject section */

/* Begin PBXSourcesBuildPhase section */
		ABB6447E250C2F9E0043471A /* Sources */ = {
			isa = PBXSourcesBuildPhase;
			buildActionMask = 2147483647;
			files = (
				AB6CD9152511740D0037BFAF /* h264_player.mm in Sources */,
				AB6CD9182511740D0037BFAF /* decode_render.mm in Sources */,
				AB6CD9142511740D0037BFAF /* h264_common.cpp in Sources */,
				ABB64486250C2F9E0043471A /* main.m in Sources */,
				AB6CD9172511740D0037BFAF /* nalu_rewriter.cpp in Sources */,
			);
			runOnlyForDeploymentPostprocessing = 0;
		};
/* End PBXSourcesBuildPhase section */

/* Begin XCBuildConfiguration section */
		ABB64487250C2F9E0043471A /* Debug */ = {
			isa = XCBuildConfiguration;
			buildSettings = {
				ALWAYS_SEARCH_USER_PATHS = NO;
				CLANG_ANALYZER_NONNULL = YES;
				CLANG_ANALYZER_NUMBER_OBJECT_CONVERSION = YES_AGGRESSIVE;
				CLANG_CXX_LANGUAGE_STANDARD = "gnu++14";
				CLANG_CXX_LIBRARY = "libc++";
				CLANG_ENABLE_MODULES = YES;
				CLANG_ENABLE_OBJC_ARC = YES;
				CLANG_ENABLE_OBJC_WEAK = YES;
				CLANG_WARN_BLOCK_CAPTURE_AUTORELEASING = YES;
				CLANG_WARN_BOOL_CONVERSION = YES;
				CLANG_WARN_COMMA = YES;
				CLANG_WARN_CONSTANT_CONVERSION = YES;
				CLANG_WARN_DEPRECATED_OBJC_IMPLEMENTATIONS = YES;
				CLANG_WARN_DIRECT_OBJC_ISA_USAGE = YES_ERROR;
				CLANG_WARN_DOCUMENTATION_COMMENTS = YES;
				CLANG_WARN_EMPTY_BODY = YES;
				CLANG_WARN_ENUM_CONVERSION = YES;
				CLANG_WARN_INFINITE_RECURSION = YES;
				CLANG_WARN_INT_CONVERSION = YES;
				CLANG_WARN_NON_LITERAL_NULL_CONVERSION = YES;
				CLANG_WARN_OBJC_IMPLICIT_RETAIN_SELF = YES;
				CLANG_WARN_OBJC_LITERAL_CONVERSION = YES;
				CLANG_WARN_OBJC_ROOT_CLASS = YES_ERROR;
				CLANG_WARN_RANGE_LOOP_ANALYSIS = YES;
				CLANG_WARN_STRICT_PROTOTYPES = YES;
				CLANG_WARN_SUSPICIOUS_MOVE = YES;
				CLANG_WARN_UNGUARDED_AVAILABILITY = YES_AGGRESSIVE;
				CLANG_WARN_UNREACHABLE_CODE = YES;
				CLANG_WARN__DUPLICATE_METHOD_MATCH = YES;
				COPY_PHASE_STRIP = NO;
				DEBUG_INFORMATION_FORMAT = dwarf;
				ENABLE_STRICT_OBJC_MSGSEND = YES;
				ENABLE_TESTABILITY = YES;
				GCC_C_LANGUAGE_STANDARD = gnu11;
				GCC_DYNAMIC_NO_PIC = NO;
				GCC_NO_COMMON_BLOCKS = YES;
				GCC_OPTIMIZATION_LEVEL = 0;
				GCC_PREPROCESSOR_DEFINITIONS = (
					"DEBUG=1",
					"$(inherited)",
				);
				GCC_WARN_64_TO_32_BIT_CONVERSION = YES;
				GCC_WARN_ABOUT_RETURN_TYPE = YES_ERROR;
				GCC_WARN_UNDECLARED_SELECTOR = YES;
				GCC_WARN_UNINITIALIZED_AUTOS = YES_AGGRESSIVE;
				GCC_WARN_UNUSED_FUNCTION = YES;
				GCC_WARN_UNUSED_VARIABLE = YES;
				MACOSX_DEPLOYMENT_TARGET = 10.14;
				MTL_ENABLE_DEBUG_INFO = INCLUDE_SOURCE;
				MTL_FAST_MATH = YES;
				ONLY_ACTIVE_ARCH = YES;
				SDKROOT = macosx;
			};
			name = Debug;
		};
		ABB64488250C2F9E0043471A /* Release */ = {
			isa = XCBuildConfiguration;
			buildSettings = {
				ALWAYS_SEARCH_USER_PATHS = NO;
				CLANG_ANALYZER_NONNULL = YES;
				CLANG_ANALYZER_NUMBER_OBJECT_CONVERSION = YES_AGGRESSIVE;
				CLANG_CXX_LANGUAGE_STANDARD = "gnu++14";
				CLANG_CXX_LIBRARY = "libc++";
				CLANG_ENABLE_MODULES = YES;
				CLANG_ENABLE_OBJC_ARC = YES;
				CLANG_ENABLE_OBJC_WEAK = YES;
				CLANG_WARN_BLOCK_CAPTURE_AUTORELEASING = YES;
				CLANG_WARN_BOOL_CONVERSION = YES;
				CLANG_WARN_COMMA = YES;
				CLANG_WARN_CONSTANT_CONVERSION = YES;
				CLANG_WARN_DEPRECATED_OBJC_IMPLEMENTATIONS = YES;
				CLANG_WARN_DIRECT_OBJC_ISA_USAGE = YES_ERROR;
				CLANG_WARN_DOCUMENTATION_COMMENTS = YES;
				CLANG_WARN_EMPTY_BODY = YES;
				CLANG_WARN_ENUM_CONVERSION = YES;
				CLANG_WARN_INFINITE_RECURSION = YES;
				CLANG_WARN_INT_CONVERSION = YES;
				CLANG_WARN_NON_LITERAL_NULL_CONVERSION = YES;
				CLANG_WARN_OBJC_IMPLICIT_RETAIN_SELF = YES;
				CLANG_WARN_OBJC_LITERAL_CONVERSION = YES;
				CLANG_WARN_OBJC_ROOT_CLASS = YES_ERROR;
				CLANG_WARN_RANGE_LOOP_ANALYSIS = YES;
				CLANG_WARN_STRICT_PROTOTYPES = YES;
				CLANG_WARN_SUSPICIOUS_MOVE = YES;
				CLANG_WARN_UNGUARDED_AVAILABILITY = YES_AGGRESSIVE;
				CLANG_WARN_UNREACHABLE_CODE = YES;
				CLANG_WARN__DUPLICATE_METHOD_MATCH = YES;
				COPY_PHASE_STRIP = NO;
				DEBUG_INFORMATION_FORMAT = "dwarf-with-dsym";
				ENABLE_NS_ASSERTIONS = NO;
				ENABLE_STRICT_OBJC_MSGSEND = YES;
				GCC_C_LANGUAGE_STANDARD = gnu11;
				GCC_NO_COMMON_BLOCKS = YES;
				GCC_WARN_64_TO_32_BIT_CONVERSION = YES;
				GCC_WARN_ABOUT_RETURN_TYPE = YES_ERROR;
				GCC_WARN_UNDECLARED_SELECTOR = YES;
				GCC_WARN_UNINITIALIZED_AUTOS = YES_AGGRESSIVE;
				GCC_WARN_UNUSED_FUNCTION = YES;
				GCC_WARN_UNUSED_VARIABLE = YES;
				MACOSX_DEPLOYMENT_TARGET = 10.14;
				MTL_ENABLE_DEBUG_INFO = NO;
				MTL_FAST_MATH = YES;
				SDKROOT = macosx;
			};
			name = Release;
		};
		ABB6448A250C2F9E0043471A /* Debug */ = {
			isa = XCBuildConfiguration;
			buildSettings = {
				CODE_SIGN_STYLE = Automatic;
				"HEADER_SEARCH_PATHS[arch=*]" = /usr/local/include;
				LIBRARY_SEARCH_PATHS = (
					"$(inherited)",
					"$(PROJECT_DIR)/tester",
				);
				PRODUCT_NAME = "$(TARGET_NAME)";
			};
			name = Debug;
		};
		ABB6448B250C2F9E0043471A /* Release */ = {
			isa = XCBuildConfiguration;
			buildSettings = {
				CODE_SIGN_STYLE = Automatic;
				LIBRARY_SEARCH_PATHS = (
					"$(inherited)",
					"$(PROJECT_DIR)/tester",
				);
				ONLY_ACTIVE_ARCH = NO;
				PRODUCT_NAME = "$(TARGET_NAME)";
			};
			name = Release;
		};
/* End XCBuildConfiguration section */

/* Begin XCConfigurationList section */
		ABB6447D250C2F9E0043471A /* Build configuration list for PBXProject "tester" */ = {
			isa = XCConfigurationList;
			buildConfigurations = (
				ABB64487250C2F9E0043471A /* Debug */,
				ABB64488250C2F9E0043471A /* Release */,
			);
			defaultConfigurationIsVisible = 0;
			defaultConfigurationName = Release;
		};
		ABB64489250C2F9E0043471A /* Build configuration list for PBXNativeTarget "tester" */ = {
			isa = XCConfigurationList;
			buildConfigurations = (
				ABB6448A250C2F9E0043471A /* Debug */,
				ABB6448B250C2F9E0043471A /* Release */,
			);
			defaultConfigurationIsVisible = 0;
			defaultConfigurationName = Release;
		};
/* End XCConfigurationList section */
	};
	rootObject = ABB6447A250C2F9E0043471A /* Project object */;
}
